
Microsoft Visual Studio Solution File, Format Version 12.00
# Visual Studio 15
VisualStudioVersion = 15.0.28010.2036
MinimumVisualStudioVersion = 10.0.40219.1
Project("{9A19103F-16F7-4668-BE54-9A1E7A4F7556}") = "SampleHangfireApp", "ConsoleApp1\SampleHangfireApp.csproj", "{55DB4C90-56A2-48EF-BB82-30286AB2D633}"
EndProject
Global
	GlobalSection(SolutionConfigurationPlatforms) = preSolution
		Debug|Any CPU = Debug|Any CPU
		Release|Any CPU = Release|Any CPU
	EndGlobalSection
	GlobalSection(ProjectConfigurationPlatforms) = postSolution
		{55DB4C90-56A2-48EF-BB82-30286AB2D633}.Debug|Any CPU.ActiveCfg = Debug|Any CPU
		{55DB4C90-56A2-48EF-BB82-30286AB2D633}.Debug|Any CPU.Build.0 = Debug|Any CPU
		{55DB4C90-56A2-48EF-BB82-30286AB2D633}.Release|Any CPU.ActiveCfg = Release|Any CPU
		{55DB4C90-56A2-48EF-BB82-30286AB2D633}.Release|Any CPU.Build.0 = Release|Any CPU
	EndGlobalSection
	GlobalSection(SolutionProperties) = preSolution
		HideSolutionNode = FALSE
	EndGlobalSection
	GlobalSection(ExtensibilityGlobals) = postSolution
		SolutionGuid = {35FBCDB3-923C-4CE3-B7AB-18EFAB5CC832}
	EndGlobalSection
EndGlobal
